{
  "name": "xgds_status_board",
  "version": "1.0.0",
  "lockfileVersion": 1,
  "requires": true,
  "dependencies": {
    "jquery.countdown": {
      "version": "github:fetch/countdown#c3c2443c04a41a749bcb072840b97b422e0858bf",
      "from": "github:fetch/countdown#v0.1.4"
    },
    "jquery.timer-tools": {
      "version": "0.2.0",
      "resolved": "https://registry.npmjs.org/jquery.timer-tools/-/jquery.timer-tools-0.2.0.tgz",
      "integrity": "sha1-lixaHKZEYr0pCk7cLWj23Eq2mAA="
    }
  }
}
